// !$*UTF8*$!
{
	archiveVersion = 1;
	classes = {
	};
	objectVersion = 55;
	objects = {

/* Begin PBXBuildFile section */
		14B7EAB72731939100CC6204 /* Hash.cpp in Sources */ = {isa = PBXBuildFile; fileRef = 14B7EAAC2731939100CC6204 /* Hash.cpp */; };
		14B7EAB82731939100CC6204 /* Graphics.cpp in Sources */ = {isa = PBXBuildFile; fileRef = 14B7EAAD2731939100CC6204 /* Graphics.cpp */; };
		14B7EAB92731939100CC6204 /* HashTable.cpp in Sources */ = {isa = PBXBuildFile; fileRef = 14B7EAAE2731939100CC6204 /* HashTable.cpp */; };
		14B7EABA2731939100CC6204 /* String.cpp in Sources */ = {isa = PBXBuildFile; fileRef = 14B7EAAF2731939100CC6204 /* String.cpp */; };
		14B7EABB2731939100CC6204 /* Application.cpp in Sources */ = {isa = PBXBuildFile; fileRef = 14B7EAB02731939100CC6204 /* Application.cpp */; };
		14B7EABC2731939100CC6204 /* Memory.cpp in Sources */ = {isa = PBXBuildFile; fileRef = 14B7EAB12731939100CC6204 /* Memory.cpp */; };
		14B7EABD2731939100CC6204 /* System.cpp in Sources */ = {isa = PBXBuildFile; fileRef = 14B7EAB22731939100CC6204 /* System.cpp */; };
		14B7EABE2731939100CC6204 /* Engine.cpp in Sources */ = {isa = PBXBuildFile; fileRef = 14B7EAB32731939100CC6204 /* Engine.cpp */; };
		14B7EABF2731939100CC6204 /* FileIO.cpp in Sources */ = {isa = PBXBuildFile; fileRef = 14B7EAB42731939100CC6204 /* FileIO.cpp */; };
		14B7EAC02731939100CC6204 /* Base.cpp in Sources */ = {isa = PBXBuildFile; fileRef = 14B7EAB52731939100CC6204 /* Base.cpp */; };
		14B7EAC12731939100CC6204 /* ShaderCompiler.cpp in Sources */ = {isa = PBXBuildFile; fileRef = 14B7EAB62731939100CC6204 /* ShaderCompiler.cpp */; };
		14B7EAC3273193A600CC6204 /* SystemMac.cpp in Sources */ = {isa = PBXBuildFile; fileRef = 14B7EAC2273193A600CC6204 /* SystemMac.cpp */; };
		14B7EAD42731940800CC6204 /* Test.cpp in Sources */ = {isa = PBXBuildFile; fileRef = 14B7EAD32731940800CC6204 /* Test.cpp */; };
		14B7EAD62731A2F200CC6204 /* ApplicationMac.m in Sources */ = {isa = PBXBuildFile; fileRef = 14B7EAD52731A2F200CC6204 /* ApplicationMac.m */; };
		14D768892733FB9100A21A65 /* libslang.dylib in CopyFiles */ = {isa = PBXBuildFile; fileRef = 14D768532733CA5600A21A65 /* libslang.dylib */; };
/* End PBXBuildFile section */

/* Begin PBXCopyFilesBuildPhase section */
		14D768882733FB8700A21A65 /* CopyFiles */ = {
			isa = PBXCopyFilesBuildPhase;
			buildActionMask = 2147483647;
			dstPath = "";
			dstSubfolderSpec = 6;
			files = (
				14D768892733FB9100A21A65 /* libslang.dylib in CopyFiles */,
			);
			runOnlyForDeploymentPostprocessing = 0;
		};
/* End PBXCopyFilesBuildPhase section */

/* Begin PBXFileReference section */
		14B7EA992731921500CC6204 /* sandbox */ = {isa = PBXFileReference; explicitFileType = "compiled.mach-o.executable"; includeInIndex = 0; path = sandbox; sourceTree = BUILT_PRODUCTS_DIR; };
		14B7EAAC2731939100CC6204 /* Hash.cpp */ = {isa = PBXFileReference; fileEncoding = 4; lastKnownFileType = sourcecode.cpp.cpp; name = Hash.cpp; path = ../../../code/Hash.cpp; sourceTree = "<group>"; };
		14B7EAAD2731939100CC6204 /* Graphics.cpp */ = {isa = PBXFileReference; fileEncoding = 4; lastKnownFileType = sourcecode.cpp.cpp; name = Graphics.cpp; path = ../../../code/Graphics.cpp; sourceTree = "<group>"; };
		14B7EAAE2731939100CC6204 /* HashTable.cpp */ = {isa = PBXFileReference; fileEncoding = 4; lastKnownFileType = sourcecode.cpp.cpp; name = HashTable.cpp; path = ../../../code/HashTable.cpp; sourceTree = "<group>"; };
		14B7EAAF2731939100CC6204 /* String.cpp */ = {isa = PBXFileReference; fileEncoding = 4; lastKnownFileType = sourcecode.cpp.cpp; name = String.cpp; path = ../../../code/String.cpp; sourceTree = "<group>"; };
		14B7EAB02731939100CC6204 /* Application.cpp */ = {isa = PBXFileReference; fileEncoding = 4; lastKnownFileType = sourcecode.cpp.cpp; name = Application.cpp; path = ../../../code/Application.cpp; sourceTree = "<group>"; };
		14B7EAB12731939100CC6204 /* Memory.cpp */ = {isa = PBXFileReference; fileEncoding = 4; lastKnownFileType = sourcecode.cpp.cpp; name = Memory.cpp; path = ../../../code/Memory.cpp; sourceTree = "<group>"; };
		14B7EAB22731939100CC6204 /* System.cpp */ = {isa = PBXFileReference; fileEncoding = 4; lastKnownFileType = sourcecode.cpp.cpp; name = System.cpp; path = ../../../code/System.cpp; sourceTree = "<group>"; };
		14B7EAB32731939100CC6204 /* Engine.cpp */ = {isa = PBXFileReference; fileEncoding = 4; lastKnownFileType = sourcecode.cpp.cpp; name = Engine.cpp; path = ../../../code/Engine.cpp; sourceTree = "<group>"; };
		14B7EAB42731939100CC6204 /* FileIO.cpp */ = {isa = PBXFileReference; fileEncoding = 4; lastKnownFileType = sourcecode.cpp.cpp; name = FileIO.cpp; path = ../../../code/FileIO.cpp; sourceTree = "<group>"; };
		14B7EAB52731939100CC6204 /* Base.cpp */ = {isa = PBXFileReference; fileEncoding = 4; lastKnownFileType = sourcecode.cpp.cpp; name = Base.cpp; path = ../../../code/Base.cpp; sourceTree = "<group>"; };
		14B7EAB62731939100CC6204 /* ShaderCompiler.cpp */ = {isa = PBXFileReference; fileEncoding = 4; lastKnownFileType = sourcecode.cpp.cpp; name = ShaderCompiler.cpp; path = ../../../code/ShaderCompiler.cpp; sourceTree = "<group>"; };
		14B7EAC2273193A600CC6204 /* SystemMac.cpp */ = {isa = PBXFileReference; fileEncoding = 4; lastKnownFileType = sourcecode.cpp.cpp; name = SystemMac.cpp; path = ../../../code/MacOS/SystemMac.cpp; sourceTree = "<group>"; };
		14B7EAC4273193D000CC6204 /* String.h */ = {isa = PBXFileReference; fileEncoding = 4; lastKnownFileType = sourcecode.c.h; name = String.h; path = ../../../code/String.h; sourceTree = "<group>"; };
		14B7EAC5273193D000CC6204 /* Array.h */ = {isa = PBXFileReference; fileEncoding = 4; lastKnownFileType = sourcecode.c.h; name = Array.h; path = ../../../code/Array.h; sourceTree = "<group>"; };
		14B7EAC6273193D000CC6204 /* Engine.h */ = {isa = PBXFileReference; fileEncoding = 4; lastKnownFileType = sourcecode.c.h; name = Engine.h; path = ../../../code/Engine.h; sourceTree = "<group>"; };
		14B7EAC7273193D000CC6204 /* Atomic.h */ = {isa = PBXFileReference; fileEncoding = 4; lastKnownFileType = sourcecode.c.h; name = Atomic.h; path = ../../../code/Atomic.h; sourceTree = "<group>"; };
		14B7EAC8273193D000CC6204 /* Application.h */ = {isa = PBXFileReference; fileEncoding = 4; lastKnownFileType = sourcecode.c.h; name = Application.h; path = ../../../code/Application.h; sourceTree = "<group>"; };
		14B7EAC9273193D000CC6204 /* Config.h */ = {isa = PBXFileReference; fileEncoding = 4; lastKnownFileType = sourcecode.c.h; name = Config.h; path = ../../../code/Config.h; sourceTree = "<group>"; };
		14B7EACA273193D000CC6204 /* Hash.h */ = {isa = PBXFileReference; fileEncoding = 4; lastKnownFileType = sourcecode.c.h; name = Hash.h; path = ../../../code/Hash.h; sourceTree = "<group>"; };
		14B7EACB273193D000CC6204 /* ShaderCompiler.h */ = {isa = PBXFileReference; fileEncoding = 4; lastKnownFileType = sourcecode.c.h; name = ShaderCompiler.h; path = ../../../code/ShaderCompiler.h; sourceTree = "<group>"; };
		14B7EACC273193D000CC6204 /* HashTable.h */ = {isa = PBXFileReference; fileEncoding = 4; lastKnownFileType = sourcecode.c.h; name = HashTable.h; path = ../../../code/HashTable.h; sourceTree = "<group>"; };
		14B7EACD273193D000CC6204 /* Buffers.h */ = {isa = PBXFileReference; fileEncoding = 4; lastKnownFileType = sourcecode.c.h; name = Buffers.h; path = ../../../code/Buffers.h; sourceTree = "<group>"; };
		14B7EACE273193D000CC6204 /* FileIO.h */ = {isa = PBXFileReference; fileEncoding = 4; lastKnownFileType = sourcecode.c.h; name = FileIO.h; path = ../../../code/FileIO.h; sourceTree = "<group>"; };
		14B7EACF273193D000CC6204 /* System.h */ = {isa = PBXFileReference; fileEncoding = 4; lastKnownFileType = sourcecode.c.h; name = System.h; path = ../../../code/System.h; sourceTree = "<group>"; };
		14B7EAD0273193D000CC6204 /* Base.h */ = {isa = PBXFileReference; fileEncoding = 4; lastKnownFileType = sourcecode.c.h; name = Base.h; path = ../../../code/Base.h; sourceTree = "<group>"; };
		14B7EAD1273193D000CC6204 /* Graphics.h */ = {isa = PBXFileReference; fileEncoding = 4; lastKnownFileType = sourcecode.c.h; name = Graphics.h; path = ../../../code/Graphics.h; sourceTree = "<group>"; };
		14B7EAD2273193D000CC6204 /* Memory.h */ = {isa = PBXFileReference; fileEncoding = 4; lastKnownFileType = sourcecode.c.h; name = Memory.h; path = ../../../code/Memory.h; sourceTree = "<group>"; };
		14B7EAD32731940800CC6204 /* Test.cpp */ = {isa = PBXFileReference; fileEncoding = 4; lastKnownFileType = sourcecode.cpp.cpp; name = Test.cpp; path = ../../../code/Tests/Test.cpp; sourceTree = "<group>"; };
		14B7EAD52731A2F200CC6204 /* ApplicationMac.m */ = {isa = PBXFileReference; fileEncoding = 4; lastKnownFileType = sourcecode.c.objc; name = ApplicationMac.m; path = ../../../code/MacOS/ApplicationMac.m; sourceTree = "<group>"; };
		14D768532733CA5600A21A65 /* libslang.dylib */ = {isa = PBXFileReference; lastKnownFileType = "compiled.mach-o.dylib"; name = libslang.dylib; path = ../../../code/External/slang/lib/macos/libslang.dylib; sourceTree = "<group>"; };
		14D768852733F83800A21A65 /* sandbox.entitlements */ = {isa = PBXFileReference; lastKnownFileType = text.plist.entitlements; path = sandbox.entitlements; sourceTree = "<group>"; };
/* End PBXFileReference section */

/* Begin PBXFrameworksBuildPhase section */
		14B7EA962731921500CC6204 /* Frameworks */ = {
			isa = PBXFrameworksBuildPhase;
			buildActionMask = 2147483647;
			files = (
			);
			runOnlyForDeploymentPostprocessing = 0;
		};
/* End PBXFrameworksBuildPhase section */

/* Begin PBXGroup section */
		14B7EA902731921500CC6204 = {
			isa = PBXGroup;
			children = (
				14D768852733F83800A21A65 /* sandbox.entitlements */,
				14B7EAAA273192F400CC6204 /* Tests */,
				14B7EAA7273192BD00CC6204 /* Sources */,
				14B7EAA6273192B500CC6204 /* Headers */,
				14B7EA9A2731921500CC6204 /* Products */,
				14D768522733CA5600A21A65 /* Frameworks */,
			);
			sourceTree = "<group>";
		};
		14B7EA9A2731921500CC6204 /* Products */ = {
			isa = PBXGroup;
			children = (
				14B7EA992731921500CC6204 /* sandbox */,
			);
			name = Products;
			sourceTree = "<group>";
		};
		14B7EAA6273192B500CC6204 /* Headers */ = {
			isa = PBXGroup;
			children = (
				14B7EAC8273193D000CC6204 /* Application.h */,
				14B7EAC5273193D000CC6204 /* Array.h */,
				14B7EAC7273193D000CC6204 /* Atomic.h */,
				14B7EAD0273193D000CC6204 /* Base.h */,
				14B7EACD273193D000CC6204 /* Buffers.h */,
				14B7EAC9273193D000CC6204 /* Config.h */,
				14B7EAC6273193D000CC6204 /* Engine.h */,
				14B7EACE273193D000CC6204 /* FileIO.h */,
				14B7EAD1273193D000CC6204 /* Graphics.h */,
				14B7EACA273193D000CC6204 /* Hash.h */,
				14B7EACC273193D000CC6204 /* HashTable.h */,
				14B7EAD2273193D000CC6204 /* Memory.h */,
				14B7EACB273193D000CC6204 /* ShaderCompiler.h */,
				14B7EAC4273193D000CC6204 /* String.h */,
				14B7EACF273193D000CC6204 /* System.h */,
			);
			name = Headers;
			sourceTree = "<group>";
		};
		14B7EAA7273192BD00CC6204 /* Sources */ = {
			isa = PBXGroup;
			children = (
				14B7EAB02731939100CC6204 /* Application.cpp */,
				14B7EAB52731939100CC6204 /* Base.cpp */,
				14B7EAB32731939100CC6204 /* Engine.cpp */,
				14B7EAB42731939100CC6204 /* FileIO.cpp */,
				14B7EAAD2731939100CC6204 /* Graphics.cpp */,
				14B7EAAC2731939100CC6204 /* Hash.cpp */,
				14B7EAAE2731939100CC6204 /* HashTable.cpp */,
				14B7EAB12731939100CC6204 /* Memory.cpp */,
				14B7EAB62731939100CC6204 /* ShaderCompiler.cpp */,
				14B7EAAF2731939100CC6204 /* String.cpp */,
				14B7EAB22731939100CC6204 /* System.cpp */,
				14B7EAAB2731933700CC6204 /* MacOS */,
				14B7EAA9273192DE00CC6204 /* Vulkan */,
			);
			name = Sources;
			sourceTree = "<group>";
		};
		14B7EAA9273192DE00CC6204 /* Vulkan */ = {
			isa = PBXGroup;
			children = (
			);
			name = Vulkan;
			sourceTree = "<group>";
		};
		14B7EAAA273192F400CC6204 /* Tests */ = {
			isa = PBXGroup;
			children = (
				14B7EAD32731940800CC6204 /* Test.cpp */,
			);
			name = Tests;
			sourceTree = "<group>";
		};
		14B7EAAB2731933700CC6204 /* MacOS */ = {
			isa = PBXGroup;
			children = (
				14B7EAD52731A2F200CC6204 /* ApplicationMac.m */,
				14B7EAC2273193A600CC6204 /* SystemMac.cpp */,
			);
			name = MacOS;
			sourceTree = "<group>";
		};
		14D768522733CA5600A21A65 /* Frameworks */ = {
			isa = PBXGroup;
			children = (
				14D768532733CA5600A21A65 /* libslang.dylib */,
			);
			name = Frameworks;
			sourceTree = "<group>";
		};
/* End PBXGroup section */

/* Begin PBXNativeTarget section */
		14B7EA982731921500CC6204 /* sandbox */ = {
			isa = PBXNativeTarget;
			buildConfigurationList = 14B7EAA02731921500CC6204 /* Build configuration list for PBXNativeTarget "sandbox" */;
			buildPhases = (
				14B7EA952731921500CC6204 /* Sources */,
				14B7EA962731921500CC6204 /* Frameworks */,
				14D768882733FB8700A21A65 /* CopyFiles */,
			);
			buildRules = (
			);
			dependencies = (
			);
			name = sandbox;
			productName = sandbox;
			productReference = 14B7EA992731921500CC6204 /* sandbox */;
			productType = "com.apple.product-type.tool";
		};
/* End PBXNativeTarget section */

/* Begin PBXProject section */
		14B7EA912731921500CC6204 /* Project object */ = {
			isa = PBXProject;
			attributes = {
				BuildIndependentTargetsInParallel = 1;
				LastUpgradeCheck = 1310;
				TargetAttributes = {
					14B7EA982731921500CC6204 = {
						CreatedOnToolsVersion = 13.1;
					};
				};
			};
			buildConfigurationList = 14B7EA942731921500CC6204 /* Build configuration list for PBXProject "sandbox" */;
			compatibilityVersion = "Xcode 13.0";
			developmentRegion = en;
			hasScannedForEncodings = 0;
			knownRegions = (
				en,
				Base,
			);
			mainGroup = 14B7EA902731921500CC6204;
			productRefGroup = 14B7EA9A2731921500CC6204 /* Products */;
			projectDirPath = "";
			projectRoot = "";
			targets = (
				14B7EA982731921500CC6204 /* sandbox */,
			);
		};
/* End PBXProject section */

/* Begin PBXSourcesBuildPhase section */
		14B7EA952731921500CC6204 /* Sources */ = {
			isa = PBXSourcesBuildPhase;
			buildActionMask = 2147483647;
			files = (
				14B7EABD2731939100CC6204 /* System.cpp in Sources */,
				14B7EABE2731939100CC6204 /* Engine.cpp in Sources */,
				14B7EAD62731A2F200CC6204 /* ApplicationMac.m in Sources */,
				14B7EABF2731939100CC6204 /* FileIO.cpp in Sources */,
				14B7EAD42731940800CC6204 /* Test.cpp in Sources */,
				14B7EABC2731939100CC6204 /* Memory.cpp in Sources */,
				14B7EAC3273193A600CC6204 /* SystemMac.cpp in Sources */,
				14B7EAC02731939100CC6204 /* Base.cpp in Sources */,
				14B7EAB82731939100CC6204 /* Graphics.cpp in Sources */,
				14B7EAB72731939100CC6204 /* Hash.cpp in Sources */,
				14B7EABB2731939100CC6204 /* Application.cpp in Sources */,
				14B7EAC12731939100CC6204 /* ShaderCompiler.cpp in Sources */,
				14B7EABA2731939100CC6204 /* String.cpp in Sources */,
				14B7EAB92731939100CC6204 /* HashTable.cpp in Sources */,
			);
			runOnlyForDeploymentPostprocessing = 0;
		};
/* End PBXSourcesBuildPhase section */

/* Begin XCBuildConfiguration section */
		14B7EA9E2731921500CC6204 /* Debug */ = {
			isa = XCBuildConfiguration;
			buildSettings = {
				ALWAYS_SEARCH_USER_PATHS = NO;
				CLANG_ANALYZER_NONNULL = YES;
				CLANG_ANALYZER_NUMBER_OBJECT_CONVERSION = YES_AGGRESSIVE;
				CLANG_CXX_LANGUAGE_STANDARD = "gnu++17";
				CLANG_CXX_LIBRARY = "libc++";
				CLANG_ENABLE_MODULES = YES;
				CLANG_ENABLE_OBJC_ARC = YES;
				CLANG_ENABLE_OBJC_WEAK = YES;
				CLANG_WARN_BLOCK_CAPTURE_AUTORELEASING = YES;
				CLANG_WARN_BOOL_CONVERSION = YES;
				CLANG_WARN_COMMA = YES;
				CLANG_WARN_CONSTANT_CONVERSION = YES;
				CLANG_WARN_DEPRECATED_OBJC_IMPLEMENTATIONS = YES;
				CLANG_WARN_DIRECT_OBJC_ISA_USAGE = YES_ERROR;
				CLANG_WARN_DOCUMENTATION_COMMENTS = YES;
				CLANG_WARN_EMPTY_BODY = YES;
				CLANG_WARN_ENUM_CONVERSION = YES;
				CLANG_WARN_INFINITE_RECURSION = YES;
				CLANG_WARN_INT_CONVERSION = YES;
				CLANG_WARN_NON_LITERAL_NULL_CONVERSION = YES;
				CLANG_WARN_OBJC_IMPLICIT_RETAIN_SELF = YES;
				CLANG_WARN_OBJC_LITERAL_CONVERSION = YES;
				CLANG_WARN_OBJC_ROOT_CLASS = YES_ERROR;
				CLANG_WARN_QUOTED_INCLUDE_IN_FRAMEWORK_HEADER = YES;
				CLANG_WARN_RANGE_LOOP_ANALYSIS = YES;
				CLANG_WARN_STRICT_PROTOTYPES = YES;
				CLANG_WARN_SUSPICIOUS_MOVE = YES;
				CLANG_WARN_UNGUARDED_AVAILABILITY = YES_AGGRESSIVE;
				CLANG_WARN_UNREACHABLE_CODE = YES;
				CLANG_WARN__DUPLICATE_METHOD_MATCH = YES;
				COPY_PHASE_STRIP = NO;
				DEBUG_INFORMATION_FORMAT = dwarf;
				ENABLE_STRICT_OBJC_MSGSEND = YES;
				ENABLE_TESTABILITY = YES;
				GCC_C_LANGUAGE_STANDARD = gnu11;
				GCC_DYNAMIC_NO_PIC = NO;
				GCC_NO_COMMON_BLOCKS = YES;
				GCC_OPTIMIZATION_LEVEL = 0;
				GCC_PREPROCESSOR_DEFINITIONS = (
					"DEBUG=1",
					"$(inherited)",
				);
				GCC_WARN_64_TO_32_BIT_CONVERSION = YES;
				GCC_WARN_ABOUT_RETURN_TYPE = YES_ERROR;
				GCC_WARN_UNDECLARED_SELECTOR = YES;
				GCC_WARN_UNINITIALIZED_AUTOS = YES_AGGRESSIVE;
				GCC_WARN_UNUSED_FUNCTION = YES;
				GCC_WARN_UNUSED_VARIABLE = YES;
				MACOSX_DEPLOYMENT_TARGET = 12.0;
				MTL_ENABLE_DEBUG_INFO = INCLUDE_SOURCE;
				MTL_FAST_MATH = YES;
				ONLY_ACTIVE_ARCH = YES;
				SDKROOT = macosx;
			};
			name = Debug;
		};
		14B7EA9F2731921500CC6204 /* Release */ = {
			isa = XCBuildConfiguration;
			buildSettings = {
				ALWAYS_SEARCH_USER_PATHS = NO;
				CLANG_ANALYZER_NONNULL = YES;
				CLANG_ANALYZER_NUMBER_OBJECT_CONVERSION = YES_AGGRESSIVE;
				CLANG_CXX_LANGUAGE_STANDARD = "gnu++17";
				CLANG_CXX_LIBRARY = "libc++";
				CLANG_ENABLE_MODULES = YES;
				CLANG_ENABLE_OBJC_ARC = YES;
				CLANG_ENABLE_OBJC_WEAK = YES;
				CLANG_WARN_BLOCK_CAPTURE_AUTORELEASING = YES;
				CLANG_WARN_BOOL_CONVERSION = YES;
				CLANG_WARN_COMMA = YES;
				CLANG_WARN_CONSTANT_CONVERSION = YES;
				CLANG_WARN_DEPRECATED_OBJC_IMPLEMENTATIONS = YES;
				CLANG_WARN_DIRECT_OBJC_ISA_USAGE = YES_ERROR;
				CLANG_WARN_DOCUMENTATION_COMMENTS = YES;
				CLANG_WARN_EMPTY_BODY = YES;
				CLANG_WARN_ENUM_CONVERSION = YES;
				CLANG_WARN_INFINITE_RECURSION = YES;
				CLANG_WARN_INT_CONVERSION = YES;
				CLANG_WARN_NON_LITERAL_NULL_CONVERSION = YES;
				CLANG_WARN_OBJC_IMPLICIT_RETAIN_SELF = YES;
				CLANG_WARN_OBJC_LITERAL_CONVERSION = YES;
				CLANG_WARN_OBJC_ROOT_CLASS = YES_ERROR;
				CLANG_WARN_QUOTED_INCLUDE_IN_FRAMEWORK_HEADER = YES;
				CLANG_WARN_RANGE_LOOP_ANALYSIS = YES;
				CLANG_WARN_STRICT_PROTOTYPES = YES;
				CLANG_WARN_SUSPICIOUS_MOVE = YES;
				CLANG_WARN_UNGUARDED_AVAILABILITY = YES_AGGRESSIVE;
				CLANG_WARN_UNREACHABLE_CODE = YES;
				CLANG_WARN__DUPLICATE_METHOD_MATCH = YES;
				COPY_PHASE_STRIP = NO;
				DEBUG_INFORMATION_FORMAT = "dwarf-with-dsym";
				ENABLE_NS_ASSERTIONS = NO;
				ENABLE_STRICT_OBJC_MSGSEND = YES;
				GCC_C_LANGUAGE_STANDARD = gnu11;
				GCC_NO_COMMON_BLOCKS = YES;
				GCC_WARN_64_TO_32_BIT_CONVERSION = YES;
				GCC_WARN_ABOUT_RETURN_TYPE = YES_ERROR;
				GCC_WARN_UNDECLARED_SELECTOR = YES;
				GCC_WARN_UNINITIALIZED_AUTOS = YES_AGGRESSIVE;
				GCC_WARN_UNUSED_FUNCTION = YES;
				GCC_WARN_UNUSED_VARIABLE = YES;
				MACOSX_DEPLOYMENT_TARGET = 12.0;
				MTL_ENABLE_DEBUG_INFO = NO;
				MTL_FAST_MATH = YES;
				SDKROOT = macosx;
			};
			name = Release;
		};
		14B7EAA12731921500CC6204 /* Debug */ = {
			isa = XCBuildConfiguration;
			buildSettings = {
				CLANG_CXX_LANGUAGE_STANDARD = "c++14";
				CLANG_WARN_DOCUMENTATION_COMMENTS = NO;
				CODE_SIGN_ENTITLEMENTS = sandbox.entitlements;
				CODE_SIGN_IDENTITY = "-";
				CODE_SIGN_STYLE = Manual;
				DEVELOPMENT_TEAM = "";
				ENABLE_HARDENED_RUNTIME = YES;
				GCC_ENABLE_CPP_EXCEPTIONS = NO;
				GCC_ENABLE_CPP_RTTI = NO;
				LIBRARY_SEARCH_PATHS = ../../../code/External/slang/lib/macos;
				OTHER_LDFLAGS = "-lslang";
				PRODUCT_NAME = "$(TARGET_NAME)";
				PROVISIONING_PROFILE_SPECIFIER = "";
			};
			name = Debug;
		};
		14B7EAA22731921500CC6204 /* Release */ = {
			isa = XCBuildConfiguration;
			buildSettings = {
				CLANG_CXX_LANGUAGE_STANDARD = "c++14";
				CLANG_WARN_DOCUMENTATION_COMMENTS = NO;
				CODE_SIGN_ENTITLEMENTS = sandbox.entitlements;
				CODE_SIGN_IDENTITY = "-";
				CODE_SIGN_STYLE = Manual;
				DEVELOPMENT_TEAM = "";
				ENABLE_HARDENED_RUNTIME = YES;
				GCC_ENABLE_CPP_EXCEPTIONS = NO;
				GCC_ENABLE_CPP_RTTI = NO;
				LIBRARY_SEARCH_PATHS = ../../../code/External/slang/lib/macos;
				OTHER_LDFLAGS = "-lslang";
				PRODUCT_NAME = "$(TARGET_NAME)";
				PROVISIONING_PROFILE_SPECIFIER = "";
			};
			name = Release;
		};
/* End XCBuildConfiguration section */

/* Begin XCConfigurationList section */
		14B7EA942731921500CC6204 /* Build configuration list for PBXProject "sandbox" */ = {
			isa = XCConfigurationList;
			buildConfigurations = (
				14B7EA9E2731921500CC6204 /* Debug */,
				14B7EA9F2731921500CC6204 /* Release */,
			);
			defaultConfigurationIsVisible = 0;
			defaultConfigurationName = Release;
		};
		14B7EAA02731921500CC6204 /* Build configuration list for PBXNativeTarget "sandbox" */ = {
			isa = XCConfigurationList;
			buildConfigurations = (
				14B7EAA12731921500CC6204 /* Debug */,
				14B7EAA22731921500CC6204 /* Release */,
			);
			defaultConfigurationIsVisible = 0;
			defaultConfigurationName = Release;
		};
/* End XCConfigurationList section */
	};
	rootObject = 14B7EA912731921500CC6204 /* Project object */;
}
