<?xml version="1.0" encoding="utf-8"?>
<Project ToolsVersion="4.0" xmlns="http://schemas.microsoft.com/developer/msbuild/2003">
  <ItemGroup>
    <Filter Include="Tests">
      <UniqueIdentifier>{7192344e-6e44-463c-8dc7-5920e04fa28e}</UniqueIdentifier>
    </Filter>
    <Filter Include="Core">
      <UniqueIdentifier>{666190b7-b14f-4745-89b8-6988b1623fcb}</UniqueIdentifier>
    </Filter>
    <Filter Include="Core\External">
      <UniqueIdentifier>{cd36cbcc-7a23-4edb-a327-d2bb6083d5a8}</UniqueIdentifier>
    </Filter>
    <Filter Include="Core\External\c89atomic">
      <UniqueIdentifier>{2f0b3be2-5b73-4e1b-9d2e-0e50e4135bc2}</UniqueIdentifier>
    </Filter>
    <Filter Include="Core\External\cj5">
      <UniqueIdentifier>{774d18ad-522b-450a-81c8-9962ff798bf6}</UniqueIdentifier>
    </Filter>
    <Filter Include="Core\External\cpufeatures">
      <UniqueIdentifier>{4e00e1e4-12ec-45ee-8af7-36ef82e12dcf}</UniqueIdentifier>
    </Filter>
    <Filter Include="Core\External\mgustavsson">
      <UniqueIdentifier>{4d9f1e76-ba37-4f6d-a10b-b6ff4cf2aadf}</UniqueIdentifier>
    </Filter>
    <Filter Include="Core\External\stb">
      <UniqueIdentifier>{56e86bb2-adb3-4ca5-ada0-46a586e84333}</UniqueIdentifier>
    </Filter>
    <Filter Include="Core\External\tlsf">
      <UniqueIdentifier>{bed76bd6-6ab1-4401-87dc-e7a7c4d1a852}</UniqueIdentifier>
    </Filter>
    <Filter Include="Core\External\tracy">
      <UniqueIdentifier>{13b8fe2e-8e4d-414f-b1e5-de7cb36192e5}</UniqueIdentifier>
    </Filter>
    <Filter Include="Core\External\minicoro">
      <UniqueIdentifier>{18584115-bdc6-4e8e-befe-c4372833bf6d}</UniqueIdentifier>
    </Filter>
    <Filter Include="External">
      <UniqueIdentifier>{b6875dcf-c1da-4b34-b4d2-844b301975cd}</UniqueIdentifier>
    </Filter>
    <Filter Include="External\dds-ktx">
      <UniqueIdentifier>{69d1b247-e17d-4721-a56e-505b573eb885}</UniqueIdentifier>
    </Filter>
    <Filter Include="External\imgui">
      <UniqueIdentifier>{16188355-9498-4905-a70c-15a9375ed355}</UniqueIdentifier>
    </Filter>
    <Filter Include="External\stb">
      <UniqueIdentifier>{b8030fe3-1cd0-4300-abb2-9f833dbadeb3}</UniqueIdentifier>
    </Filter>
    <Filter Include="Graphics">
      <UniqueIdentifier>{ab209488-9187-4257-ab82-9c4248049048}</UniqueIdentifier>
    </Filter>
    <Filter Include="Shaders">
      <UniqueIdentifier>{5220cd6b-3782-45ce-af6d-4999d63de5d0}</UniqueIdentifier>
    </Filter>
    <Filter Include="Tool">
      <UniqueIdentifier>{ed4ccd45-f144-48d9-85d9-afd37c2e7f4c}</UniqueIdentifier>
    </Filter>
    <Filter Include="Assets">
      <UniqueIdentifier>{434d774a-bf87-426e-8b95-f5158837a95f}</UniqueIdentifier>
    </Filter>
    <Filter Include="DebugTools">
      <UniqueIdentifier>{a1df08b8-8ec8-4f3d-af1e-bceb7e90b73a}</UniqueIdentifier>
    </Filter>
    <Filter Include="ImGui">
      <UniqueIdentifier>{271361ae-e6dd-4513-b626-7863773577c7}</UniqueIdentifier>
    </Filter>
    <Filter Include="Common">
      <UniqueIdentifier>{7ac0ca4e-13a0-4446-9871-c1e2a03e3325}</UniqueIdentifier>
    </Filter>
    <Filter Include="External\vma">
      <UniqueIdentifier>{d5556913-6296-4cde-984a-8f9aa58c563c}</UniqueIdentifier>
    </Filter>
  </ItemGroup>
  <ItemGroup>
    <ClInclude Include="..\..\code\Engine.h" />
    <ClInclude Include="..\..\code\Core\Allocators.h">
      <Filter>Core</Filter>
    </ClInclude>
    <ClInclude Include="..\..\code\Common\Application.h">
      <Filter>Common</Filter>
    </ClInclude>
    <ClInclude Include="..\..\code\Assets\AssetManager.h">
      <Filter>Assets</Filter>
    </ClInclude>
    <ClInclude Include="..\..\code\Core\Atomic.h">
      <Filter>Core</Filter>
    </ClInclude>
    <ClInclude Include="..\..\code\Core\Arrays.h">
      <Filter>Core</Filter>
    </ClInclude>
    <ClInclude Include="..\..\code\Core\Base.h">
      <Filter>Core</Filter>
    </ClInclude>
    <ClInclude Include="..\..\code\Core\Blobs.h">
      <Filter>Core</Filter>
    </ClInclude>
    <ClInclude Include="..\..\code\Core\BlitSort.h">
      <Filter>Core</Filter>
    </ClInclude>
    <ClInclude Include="..\..\code\Core\External\c89atomic\c89atomic.h">
      <Filter>Core\External\c89atomic</Filter>
    </ClInclude>
    <ClInclude Include="..\..\code\Common\Camera.h">
      <Filter>Common</Filter>
    </ClInclude>
    <ClInclude Include="..\..\code\Core\External\cj5\cj5.h">
      <Filter>Core\External\cj5</Filter>
    </ClInclude>
    <ClInclude Include="..\..\code\Common\Clipboard.h">
      <Filter>Common</Filter>
    </ClInclude>
    <ClInclude Include="..\..\code\Common\CommonTypes.h">
      <Filter>Common</Filter>
    </ClInclude>
    <ClInclude Include="..\..\code\Tool\Console.h">
      <Filter>Tool</Filter>
    </ClInclude>
    <ClInclude Include="..\..\code\Core\External\cpufeatures\cpu-features.h">
      <Filter>Core\External\cpufeatures</Filter>
    </ClInclude>
    <ClInclude Include="..\..\code\External\dds-ktx\dds-ktx.h">
      <Filter>External\dds-ktx</Filter>
    </ClInclude>
    <ClInclude Include="..\..\code\Core\Debug.h">
      <Filter>Core</Filter>
    </ClInclude>
    <ClInclude Include="..\..\code\DebugTools\DebugDraw.h">
      <Filter>DebugTools</Filter>
    </ClInclude>
    <ClInclude Include="..\..\code\DebugTools\DebugHud.h">
      <Filter>DebugTools</Filter>
    </ClInclude>
    <ClInclude Include="..\..\code\Graphics\Graphics.h">
      <Filter>Graphics</Filter>
    </ClInclude>
    <ClInclude Include="..\..\code\Core\Hash.h">
      <Filter>Core</Filter>
    </ClInclude>
    <ClInclude Include="..\..\code\Assets\Image.h">
      <Filter>Assets</Filter>
    </ClInclude>
    <ClInclude Include="..\..\code\Tool\ImageEncoder.h">
      <Filter>Tool</Filter>
    </ClInclude>
    <ClInclude Include="..\..\code\ImGui\ImGuizmo.h">
      <Filter>ImGui</Filter>
    </ClInclude>
    <ClInclude Include="..\..\code\ImGui\ImGuiMain.h">
      <Filter>ImGui</Filter>
    </ClInclude>
    <ClInclude Include="..\..\code\Core\IncludeWin.h">
      <Filter>Core</Filter>
    </ClInclude>
    <ClInclude Include="..\..\code\Core\External\mgustavsson\ini.h">
      <Filter>Core\External\mgustavsson</Filter>
    </ClInclude>
    <ClInclude Include="..\..\code\Core\IniParser.h">
      <Filter>Core</Filter>
    </ClInclude>
    <ClInclude Include="..\..\code\Core\Jobs.h">
      <Filter>Core</Filter>
    </ClInclude>
    <ClInclude Include="..\..\code\Common\InputTypes.h">
      <Filter>Common</Filter>
    </ClInclude>
    <ClInclude Include="..\..\code\Core\JsonParser.h">
      <Filter>Core</Filter>
    </ClInclude>
    <ClInclude Include="..\..\code\Core\Log.h">
      <Filter>Core</Filter>
    </ClInclude>
    <ClInclude Include="..\..\code\Common\JunkyardSettings.h">
      <Filter>Common</Filter>
    </ClInclude>
    <ClInclude Include="..\..\code\Core\MathVector.h">
      <Filter>Core</Filter>
    </ClInclude>
    <ClInclude Include="..\..\code\Core\MathTypes.h">
      <Filter>Core</Filter>
    </ClInclude>
    <ClInclude Include="..\..\code\Core\MathScalar.h">
      <Filter>Core</Filter>
    </ClInclude>
    <ClInclude Include="..\..\code\Core\MathAll.h">
      <Filter>Core</Filter>
    </ClInclude>
    <ClInclude Include="..\..\code\Tool\MeshOptimizer.h">
      <Filter>Tool</Filter>
    </ClInclude>
    <ClInclude Include="..\..\code\Core\External\minicoro\minicoro.h">
      <Filter>Core\External\minicoro</Filter>
    </ClInclude>
    <ClInclude Include="..\..\code\Assets\Model.h">
      <Filter>Assets</Filter>
    </ClInclude>
    <ClInclude Include="..\..\code\Common\RemoteServices.h">
      <Filter>Common</Filter>
    </ClInclude>
    <ClInclude Include="..\..\code\Core\Settings.h">
      <Filter>Core</Filter>
    </ClInclude>
    <ClInclude Include="..\..\code\Assets\Shader.h">
      <Filter>Assets</Filter>
    </ClInclude>
    <ClInclude Include="..\..\code\Tool\ShaderCompiler.h">
      <Filter>Tool</Filter>
    </ClInclude>
    <ClInclude Include="..\..\code\Core\External\stb\stb_sprintf.h">
      <Filter>Core\External\stb</Filter>
    </ClInclude>
    <ClInclude Include="..\..\code\Core\StringUtil.h">
      <Filter>Core</Filter>
    </ClInclude>
    <ClInclude Include="..\..\code\Core\Pools.h">
      <Filter>Core</Filter>
    </ClInclude>
    <ClInclude Include="..\..\code\Core\System.h">
      <Filter>Core</Filter>
    </ClInclude>
    <ClInclude Include="..\..\code\Core\External\tlsf\tlsf.h">
      <Filter>Core\External\tlsf</Filter>
    </ClInclude>
    <ClInclude Include="..\..\code\Core\External\tracy\TracyC.h">
      <Filter>Core\External\tracy</Filter>
    </ClInclude>
    <ClInclude Include="..\..\code\Core\TracyHelper.h">
      <Filter>Core\External\tracy</Filter>
    </ClInclude>
    <ClInclude Include="..\..\code\Common\VirtualFS.h">
      <Filter>Common</Filter>
    </ClInclude>
    <ClInclude Include="..\..\code\External\imgui\imconfig.h">
      <Filter>External\imgui</Filter>
    </ClInclude>
    <ClInclude Include="..\..\code\External\imgui\imgui.h">
      <Filter>External\imgui</Filter>
    </ClInclude>
    <ClInclude Include="..\..\code\External\imgui\imgui_internal.h">
      <Filter>External\imgui</Filter>
    </ClInclude>
    <ClInclude Include="..\..\code\External\imgui\imstb_rectpack.h">
      <Filter>External\imgui</Filter>
    </ClInclude>
    <ClInclude Include="..\..\code\External\imgui\imstb_textedit.h">
      <Filter>External\imgui</Filter>
    </ClInclude>
    <ClInclude Include="..\..\code\External\imgui\imstb_truetype.h">
      <Filter>External\imgui</Filter>
    </ClInclude>
    <ClInclude Include="..\..\code\External\vma\include\vk_mem_alloc.h">
      <Filter>External\vma</Filter>
    </ClInclude>
    <ClInclude Include="..\..\code\External\stb\stb_image.h">
      <Filter>External\stb</Filter>
    </ClInclude>
    <ClInclude Include="..\..\code\External\stb\stb_image_resize.h">
      <Filter>External\stb</Filter>
    </ClInclude>
  </ItemGroup>
  <ItemGroup>
    <ClCompile Include="..\..\code\Engine.cpp" />
    <ClCompile Include="..\..\code\Core\Allocators.cpp">
      <Filter>Core</Filter>
    </ClCompile>
    <ClCompile Include="..\..\code\Common\Application.cpp">
      <Filter>Common</Filter>
    </ClCompile>
    <ClCompile Include="..\..\code\Common\ApplicationAndroid.cpp">
      <Filter>Common</Filter>
    </ClCompile>
    <ClCompile Include="..\..\code\Common\ApplicationWin.cpp">
      <Filter>Common</Filter>
    </ClCompile>
    <ClCompile Include="..\..\code\Assets\AssetManager.cpp">
      <Filter>Assets</Filter>
    </ClCompile>
    <ClCompile Include="..\..\code\Tests\AssetTest.cpp">
      <Filter>Tests</Filter>
    </ClCompile>
    <ClCompile Include="..\..\code\Core\Base.cpp">
      <Filter>Core</Filter>
    </ClCompile>
    <ClCompile Include="..\..\code\Common\Camera.cpp">
      <Filter>Common</Filter>
    </ClCompile>
    <ClCompile Include="..\..\code\Common\Clipboard.cpp">
      <Filter>Common</Filter>
    </ClCompile>
    <ClCompile Include="..\..\code\Tool\Console.cpp">
      <Filter>Tool</Filter>
    </ClCompile>
    <ClCompile Include="..\..\code\Core\Debug.cpp">
      <Filter>Core</Filter>
    </ClCompile>
    <ClCompile Include="..\..\code\Core\DebugClang.cpp">
      <Filter>Core</Filter>
    </ClCompile>
    <ClCompile Include="..\..\code\Core\DebugWin.cpp">
      <Filter>Core</Filter>
    </ClCompile>
    <ClCompile Include="..\..\code\DebugTools\DebugDraw.cpp">
      <Filter>DebugTools</Filter>
    </ClCompile>
    <ClCompile Include="..\..\code\DebugTools\DebugHud.cpp">
      <Filter>DebugTools</Filter>
    </ClCompile>
    <ClCompile Include="..\..\code\Graphics\Graphics.cpp">
      <Filter>Graphics</Filter>
    </ClCompile>
    <ClCompile Include="..\..\code\Core\Hash.cpp">
      <Filter>Core</Filter>
    </ClCompile>
    <ClCompile Include="..\..\code\Assets\Image.cpp">
      <Filter>Assets</Filter>
    </ClCompile>
    <ClCompile Include="..\..\code\Tool\ImageEncoder.cpp">
      <Filter>Tool</Filter>
    </ClCompile>
    <ClCompile Include="..\..\code\ImGui\ImGuizmo.cpp">
      <Filter>ImGui</Filter>
    </ClCompile>
    <ClCompile Include="..\..\code\ImGui\ImGuiMain.cpp">
      <Filter>ImGui</Filter>
    </ClCompile>
    <ClCompile Include="..\..\code\Core\IniParser.cpp">
      <Filter>Core</Filter>
    </ClCompile>
    <ClCompile Include="..\..\code\Core\Jobs.cpp">
      <Filter>Core</Filter>
    </ClCompile>
    <ClCompile Include="..\..\code\Core\JsonParser.cpp">
      <Filter>Core</Filter>
    </ClCompile>
    <ClCompile Include="..\..\code\Core\Log.cpp">
      <Filter>Core</Filter>
    </ClCompile>
    <ClCompile Include="..\..\code\Common\JunkyardSettings.cpp">
      <Filter>Common</Filter>
    </ClCompile>
    <ClCompile Include="..\..\code\Core\MathAll.cpp">
      <Filter>Core</Filter>
    </ClCompile>
    <ClCompile Include="..\..\code\Tool\MeshOptimizer.cpp">
      <Filter>Tool</Filter>
    </ClCompile>
    <ClCompile Include="..\..\code\Assets\Model.cpp">
      <Filter>Assets</Filter>
    </ClCompile>
    <ClCompile Include="..\..\code\Common\RemoteServices.cpp">
      <Filter>Common</Filter>
    </ClCompile>
    <ClCompile Include="..\..\code\Core\Settings.cpp">
      <Filter>Core</Filter>
    </ClCompile>
    <ClCompile Include="..\..\code\Assets\Shader.cpp">
      <Filter>Assets</Filter>
    </ClCompile>
    <ClCompile Include="..\..\code\Tool\ShaderCompiler.cpp">
      <Filter>Tool</Filter>
    </ClCompile>
    <ClCompile Include="..\..\code\Core\SystemAndroid.cpp">
      <Filter>Core</Filter>
    </ClCompile>
    <ClCompile Include="..\..\code\Core\SystemMac.cpp">
      <Filter>Core</Filter>
    </ClCompile>
    <ClCompile Include="..\..\code\Core\SystemPosix.cpp">
      <Filter>Core</Filter>
    </ClCompile>
    <ClCompile Include="..\..\code\Core\SystemWin.cpp">
      <Filter>Core</Filter>
    </ClCompile>
    <ClCompile Include="..\..\code\Core\StringUtilWin.cpp">
      <Filter>Core</Filter>
    </ClCompile>
    <ClCompile Include="..\..\code\Core\StringUtil.cpp">
      <Filter>Core</Filter>
    </ClCompile>
    <ClCompile Include="..\..\code\Core\Pools.cpp">
      <Filter>Core</Filter>
    </ClCompile>
    <ClCompile Include="..\..\code\Core\System.cpp">
      <Filter>Core</Filter>
    </ClCompile>
    <ClCompile Include="..\..\code\Tests\TestAndroid.cpp">
      <Filter>Tests</Filter>
    </ClCompile>
    <ClCompile Include="..\..\code\Tests\Test.cpp">
      <Filter>Tests</Filter>
    </ClCompile>
    <ClCompile Include="..\..\code\Core\TracyHelper.cpp">
      <Filter>Core\External\tracy</Filter>
    </ClCompile>
    <ClCompile Include="..\..\code\Common\VirtualFS.cpp">
      <Filter>Common</Filter>
    </ClCompile>
    <ClCompile Include="..\..\code\External\imgui\imgui.cpp">
      <Filter>External\imgui</Filter>
    </ClCompile>
    <ClCompile Include="..\..\code\External\imgui\imgui_demo.cpp">
      <Filter>External\imgui</Filter>
    </ClCompile>
    <ClCompile Include="..\..\code\External\imgui\imgui_draw.cpp">
      <Filter>External\imgui</Filter>
    </ClCompile>
    <ClCompile Include="..\..\code\External\imgui\imgui_tables.cpp">
      <Filter>External\imgui</Filter>
    </ClCompile>
    <ClCompile Include="..\..\code\External\imgui\imgui_widgets.cpp">
      <Filter>External\imgui</Filter>
    </ClCompile>
  </ItemGroup>
  <ItemGroup>
    <FxCompile Include="..\..\code\Shaders\DebugDraw.hlsl">
      <Filter>Shaders</Filter>
    </FxCompile>
    <FxCompile Include="..\..\code\Shaders\Model.hlsl">
      <Filter>Shaders</Filter>
    </FxCompile>
    <FxCompile Include="..\..\code\Shaders\Quad.hlsl">
      <Filter>Shaders</Filter>
    </FxCompile>
    <FxCompile Include="..\..\code\Shaders\ImGui.hlsl">
      <Filter>Shaders</Filter>
    </FxCompile>
  </ItemGroup>
  <ItemGroup>
    <None Include="..\..\code\UnityBuild.inl" />
    <None Include="..\..\code\Common\ApplicationMac.mm">
      <Filter>Common</Filter>
    </None>
    <None Include="..\..\code\Graphics\ValidateEnumsVk.inl">
      <Filter>Graphics</Filter>
    </None>
  </ItemGroup>
</Project>